
Microsoft Visual Studio Solution File, Format Version 11.00
# Visual Studio 2010
Project("{FAE04EC0-301F-11D3-BF4B-00C04F79EFBC}") = "Bluehack", "Assembly-CSharp.csproj", "{231B4B2D-617B-4BB0-FAB1-C7DCE69CBF15}"
EndProject
Project("{FAE04EC0-301F-11D3-BF4B-00C04F79EFBC}") = "Bluehack", "Assembly-CSharp-Editor.csproj", "{3438B277-1252-85B3-F8B8-E47B45B1DA4B}"
EndProject
Global
	GlobalSection(SolutionConfigurationPlatforms) = preSolution
		Debug|Any CPU = Debug|Any CPU
		Release|Any CPU = Release|Any CPU
	EndGlobalSection
	GlobalSection(ProjectConfigurationPlatforms) = postSolution
		{231B4B2D-617B-4BB0-FAB1-C7DCE69CBF15}.Debug|Any CPU.ActiveCfg = Debug|Any CPU
		{231B4B2D-617B-4BB0-FAB1-C7DCE69CBF15}.Debug|Any CPU.Build.0 = Debug|Any CPU
		{231B4B2D-617B-4BB0-FAB1-C7DCE69CBF15}.Release|Any CPU.ActiveCfg = Release|Any CPU
		{231B4B2D-617B-4BB0-FAB1-C7DCE69CBF15}.Release|Any CPU.Build.0 = Release|Any CPU
		{3438B277-1252-85B3-F8B8-E47B45B1DA4B}.Debug|Any CPU.ActiveCfg = Debug|Any CPU
		{3438B277-1252-85B3-F8B8-E47B45B1DA4B}.Debug|Any CPU.Build.0 = Debug|Any CPU
		{3438B277-1252-85B3-F8B8-E47B45B1DA4B}.Release|Any CPU.ActiveCfg = Release|Any CPU
		{3438B277-1252-85B3-F8B8-E47B45B1DA4B}.Release|Any CPU.Build.0 = Release|Any CPU
	EndGlobalSection
	GlobalSection(SolutionProperties) = preSolution
		HideSolutionNode = FALSE
	EndGlobalSection
	GlobalSection(MonoDevelopProperties) = preSolution
		StartupItem = Assembly-CSharp.csproj
	EndGlobalSection
EndGlobal
